// !$*UTF8*$!
{
	archiveVersion = 1;
	classes = {
	};
	objectVersion = 50;
	objects = {

/* Begin PBXBuildFile section */
		0444851D2599AE140048FE14 /* AppDelegate.swift in Sources */ = {isa = PBXBuildFile; fileRef = 0444851C2599AE140048FE14 /* AppDelegate.swift */; };
		0444851F2599AE140048FE14 /* SceneDelegate.swift in Sources */ = {isa = PBXBuildFile; fileRef = 0444851E2599AE140048FE14 /* SceneDelegate.swift */; };
		044485212599AE140048FE14 /* ViewController.swift in Sources */ = {isa = PBXBuildFile; fileRef = 044485202599AE140048FE14 /* ViewController.swift */; };
		044485242599AE140048FE14 /* Main.storyboard in Resources */ = {isa = PBXBuildFile; fileRef = 044485222599AE140048FE14 /* Main.storyboard */; };
		044485262599AE2A0048FE14 /* Assets.xcassets in Resources */ = {isa = PBXBuildFile; fileRef = 044485252599AE2A0048FE14 /* Assets.xcassets */; };
		044485292599AE2A0048FE14 /* LaunchScreen.storyboard in Resources */ = {isa = PBXBuildFile; fileRef = 044485272599AE2A0048FE14 /* LaunchScreen.storyboard */; };
		044485342599AE2B0048FE14 /* Maz___UIScrollView___AppTests.swift in Sources */ = {isa = PBXBuildFile; fileRef = 044485332599AE2B0048FE14 /* Maz___UIScrollView___AppTests.swift */; };
		0444853F2599AE2B0048FE14 /* Maz___UIScrollView___AppUITests.swift in Sources */ = {isa = PBXBuildFile; fileRef = 0444853E2599AE2B0048FE14 /* Maz___UIScrollView___AppUITests.swift */; };
		0468178F2599E2D80012A159 /* ComponentDetails.swift in Sources */ = {isa = PBXBuildFile; fileRef = 0468178E2599E2D80012A159 /* ComponentDetails.swift */; };
/* End PBXBuildFile section */

/* Begin PBXContainerItemProxy section */
		044485302599AE2B0048FE14 /* PBXContainerItemProxy */ = {
			isa = PBXContainerItemProxy;
			containerPortal = 044485112599AE140048FE14 /* Project object */;
			proxyType = 1;
			remoteGlobalIDString = 044485182599AE140048FE14;
			remoteInfo = "Maz - UIScrollView - App";
		};
		0444853B2599AE2B0048FE14 /* PBXContainerItemProxy */ = {
			isa = PBXContainerItemProxy;
			containerPortal = 044485112599AE140048FE14 /* Project object */;
			proxyType = 1;
			remoteGlobalIDString = 044485182599AE140048FE14;
			remoteInfo = "Maz - UIScrollView - App";
		};
/* End PBXContainerItemProxy section */

/* Begin PBXFileReference section */
		044485192599AE140048FE14 /* Maz - UIScrollView - App.app */ = {isa = PBXFileReference; explicitFileType = wrapper.application; includeInIndex = 0; path = "Maz - UIScrollView - App.app"; sourceTree = BUILT_PRODUCTS_DIR; };
		0444851C2599AE140048FE14 /* AppDelegate.swift */ = {isa = PBXFileReference; lastKnownFileType = sourcecode.swift; path = AppDelegate.swift; sourceTree = "<group>"; };
		0444851E2599AE140048FE14 /* SceneDelegate.swift */ = {isa = PBXFileReference; lastKnownFileType = sourcecode.swift; path = SceneDelegate.swift; sourceTree = "<group>"; };
		044485202599AE140048FE14 /* ViewController.swift */ = {isa = PBXFileReference; lastKnownFileType = sourcecode.swift; path = ViewController.swift; sourceTree = "<group>"; };
		044485232599AE140048FE14 /* Base */ = {isa = PBXFileReference; lastKnownFileType = file.storyboard; name = Base; path = Base.lproj/Main.storyboard; sourceTree = "<group>"; };
		044485252599AE2A0048FE14 /* Assets.xcassets */ = {isa = PBXFileReference; lastKnownFileType = folder.assetcatalog; path = Assets.xcassets; sourceTree = "<group>"; };
		044485282599AE2A0048FE14 /* Base */ = {isa = PBXFileReference; lastKnownFileType = file.storyboard; name = Base; path = Base.lproj/LaunchScreen.storyboard; sourceTree = "<group>"; };
		0444852A2599AE2A0048FE14 /* Info.plist */ = {isa = PBXFileReference; lastKnownFileType = text.plist.xml; path = Info.plist; sourceTree = "<group>"; };
		0444852F2599AE2B0048FE14 /* Maz - UIScrollView - AppTests.xctest */ = {isa = PBXFileReference; explicitFileType = wrapper.cfbundle; includeInIndex = 0; path = "Maz - UIScrollView - AppTests.xctest"; sourceTree = BUILT_PRODUCTS_DIR; };
		044485332599AE2B0048FE14 /* Maz___UIScrollView___AppTests.swift */ = {isa = PBXFileReference; lastKnownFileType = sourcecode.swift; path = "Maz___UIScrollView___AppTests.swift"; sourceTree = "<group>"; };
		044485352599AE2B0048FE14 /* Info.plist */ = {isa = PBXFileReference; lastKnownFileType = text.plist.xml; path = Info.plist; sourceTree = "<group>"; };
		0444853A2599AE2B0048FE14 /* Maz - UIScrollView - AppUITests.xctest */ = {isa = PBXFileReference; explicitFileType = wrapper.cfbundle; includeInIndex = 0; path = "Maz - UIScrollView - AppUITests.xctest"; sourceTree = BUILT_PRODUCTS_DIR; };
		0444853E2599AE2B0048FE14 /* Maz___UIScrollView___AppUITests.swift */ = {isa = PBXFileReference; lastKnownFileType = sourcecode.swift; path = "Maz___UIScrollView___AppUITests.swift"; sourceTree = "<group>"; };
		044485402599AE2B0048FE14 /* Info.plist */ = {isa = PBXFileReference; lastKnownFileType = text.plist.xml; path = Info.plist; sourceTree = "<group>"; };
		0468178E2599E2D80012A159 /* ComponentDetails.swift */ = {isa = PBXFileReference; fileEncoding = 4; lastKnownFileType = sourcecode.swift; path = ComponentDetails.swift; sourceTree = "<group>"; };
/* End PBXFileReference section */

/* Begin PBXFrameworksBuildPhase section */
		044485162599AE140048FE14 /* Frameworks */ = {
			isa = PBXFrameworksBuildPhase;
			buildActionMask = 2147483647;
			files = (
			);
			runOnlyForDeploymentPostprocessing = 0;
		};
		0444852C2599AE2B0048FE14 /* Frameworks */ = {
			isa = PBXFrameworksBuildPhase;
			buildActionMask = 2147483647;
			files = (
			);
			runOnlyForDeploymentPostprocessing = 0;
		};
		044485372599AE2B0048FE14 /* Frameworks */ = {
			isa = PBXFrameworksBuildPhase;
			buildActionMask = 2147483647;
			files = (
			);
			runOnlyForDeploymentPostprocessing = 0;
		};
/* End PBXFrameworksBuildPhase section */

/* Begin PBXGroup section */
		044485102599AE140048FE14 = {
			isa = PBXGroup;
			children = (
				0444851B2599AE140048FE14 /* Maz - UIScrollView - App */,
				044485322599AE2B0048FE14 /* Maz - UIScrollView - AppTests */,
				0444853D2599AE2B0048FE14 /* Maz - UIScrollView - AppUITests */,
				0444851A2599AE140048FE14 /* Products */,
			);
			sourceTree = "<group>";
		};
		0444851A2599AE140048FE14 /* Products */ = {
			isa = PBXGroup;
			children = (
				044485192599AE140048FE14 /* Maz - UIScrollView - App.app */,
				0444852F2599AE2B0048FE14 /* Maz - UIScrollView - AppTests.xctest */,
				0444853A2599AE2B0048FE14 /* Maz - UIScrollView - AppUITests.xctest */,
			);
			name = Products;
			sourceTree = "<group>";
		};
		0444851B2599AE140048FE14 /* Maz - UIScrollView - App */ = {
			isa = PBXGroup;
			children = (
				0444851C2599AE140048FE14 /* AppDelegate.swift */,
				0444851E2599AE140048FE14 /* SceneDelegate.swift */,
				044485202599AE140048FE14 /* ViewController.swift */,
				0468178E2599E2D80012A159 /* ComponentDetails.swift */,
				044485222599AE140048FE14 /* Main.storyboard */,
				044485252599AE2A0048FE14 /* Assets.xcassets */,
				044485272599AE2A0048FE14 /* LaunchScreen.storyboard */,
				0444852A2599AE2A0048FE14 /* Info.plist */,
			);
			path = "Maz - UIScrollView - App";
			sourceTree = "<group>";
		};
		044485322599AE2B0048FE14 /* Maz - UIScrollView - AppTests */ = {
			isa = PBXGroup;
			children = (
				044485332599AE2B0048FE14 /* Maz___UIScrollView___AppTests.swift */,
				044485352599AE2B0048FE14 /* Info.plist */,
			);
			path = "Maz - UIScrollView - AppTests";
			sourceTree = "<group>";
		};
		0444853D2599AE2B0048FE14 /* Maz - UIScrollView - AppUITests */ = {
			isa = PBXGroup;
			children = (
				0444853E2599AE2B0048FE14 /* Maz___UIScrollView___AppUITests.swift */,
				044485402599AE2B0048FE14 /* Info.plist */,
			);
			path = "Maz - UIScrollView - AppUITests";
			sourceTree = "<group>";
		};
/* End PBXGroup section */

/* Begin PBXNativeTarget section */
		044485182599AE140048FE14 /* Maz - UIScrollView - App */ = {
			isa = PBXNativeTarget;
			buildConfigurationList = 044485432599AE2B0048FE14 /* Build configuration list for PBXNativeTarget "Maz - UIScrollView - App" */;
			buildPhases = (
				044485152599AE140048FE14 /* Sources */,
				044485162599AE140048FE14 /* Frameworks */,
				044485172599AE140048FE14 /* Resources */,
			);
			buildRules = (
			);
			dependencies = (
			);
			name = "Maz - UIScrollView - App";
			productName = "Maz - UIScrollView - App";
			productReference = 044485192599AE140048FE14 /* Maz - UIScrollView - App.app */;
			productType = "com.apple.product-type.application";
		};
		0444852E2599AE2B0048FE14 /* Maz - UIScrollView - AppTests */ = {
			isa = PBXNativeTarget;
			buildConfigurationList = 044485462599AE2B0048FE14 /* Build configuration list for PBXNativeTarget "Maz - UIScrollView - AppTests" */;
			buildPhases = (
				0444852B2599AE2B0048FE14 /* Sources */,
				0444852C2599AE2B0048FE14 /* Frameworks */,
				0444852D2599AE2B0048FE14 /* Resources */,
			);
			buildRules = (
			);
			dependencies = (
				044485312599AE2B0048FE14 /* PBXTargetDependency */,
			);
			name = "Maz - UIScrollView - AppTests";
			productName = "Maz - UIScrollView - AppTests";
			productReference = 0444852F2599AE2B0048FE14 /* Maz - UIScrollView - AppTests.xctest */;
			productType = "com.apple.product-type.bundle.unit-test";
		};
		044485392599AE2B0048FE14 /* Maz - UIScrollView - AppUITests */ = {
			isa = PBXNativeTarget;
			buildConfigurationList = 044485492599AE2B0048FE14 /* Build configuration list for PBXNativeTarget "Maz - UIScrollView - AppUITests" */;
			buildPhases = (
				044485362599AE2B0048FE14 /* Sources */,
				044485372599AE2B0048FE14 /* Frameworks */,
				044485382599AE2B0048FE14 /* Resources */,
			);
			buildRules = (
			);
			dependencies = (
				0444853C2599AE2B0048FE14 /* PBXTargetDependency */,
			);
			name = "Maz - UIScrollView - AppUITests";
			productName = "Maz - UIScrollView - AppUITests";
			productReference = 0444853A2599AE2B0048FE14 /* Maz - UIScrollView - AppUITests.xctest */;
			productType = "com.apple.product-type.bundle.ui-testing";
		};
/* End PBXNativeTarget section */

/* Begin PBXProject section */
		044485112599AE140048FE14 /* Project object */ = {
			isa = PBXProject;
			attributes = {
				LastSwiftUpdateCheck = 1120;
				LastUpgradeCheck = 1120;
				ORGANIZATIONNAME = "Shaik abdul mazeed";
				TargetAttributes = {
					044485182599AE140048FE14 = {
						CreatedOnToolsVersion = 11.2.1;
					};
					0444852E2599AE2B0048FE14 = {
						CreatedOnToolsVersion = 11.2.1;
						TestTargetID = 044485182599AE140048FE14;
					};
					044485392599AE2B0048FE14 = {
						CreatedOnToolsVersion = 11.2.1;
						TestTargetID = 044485182599AE140048FE14;
					};
				};
			};
			buildConfigurationList = 044485142599AE140048FE14 /* Build configuration list for PBXProject "Maz - UIScrollView - App" */;
			compatibilityVersion = "Xcode 9.3";
			developmentRegion = en;
			hasScannedForEncodings = 0;
			knownRegions = (
				en,
				Base,
			);
			mainGroup = 044485102599AE140048FE14;
			productRefGroup = 0444851A2599AE140048FE14 /* Products */;
			projectDirPath = "";
			projectRoot = "";
			targets = (
				044485182599AE140048FE14 /* Maz - UIScrollView - App */,
				0444852E2599AE2B0048FE14 /* Maz - UIScrollView - AppTests */,
				044485392599AE2B0048FE14 /* Maz - UIScrollView - AppUITests */,
			);
		};
/* End PBXProject section */

/* Begin PBXResourcesBuildPhase section */
		044485172599AE140048FE14 /* Resources */ = {
			isa = PBXResourcesBuildPhase;
			buildActionMask = 2147483647;
			files = (
				044485292599AE2A0048FE14 /* LaunchScreen.storyboard in Resources */,
				044485262599AE2A0048FE14 /* Assets.xcassets in Resources */,
				044485242599AE140048FE14 /* Main.storyboard in Resources */,
			);
			runOnlyForDeploymentPostprocessing = 0;
		};
		0444852D2599AE2B0048FE14 /* Resources */ = {
			isa = PBXResourcesBuildPhase;
			buildActionMask = 2147483647;
			files = (
			);
			runOnlyForDeploymentPostprocessing = 0;
		};
		044485382599AE2B0048FE14 /* Resources */ = {
			isa = PBXResourcesBuildPhase;
			buildActionMask = 2147483647;
			files = (
			);
			runOnlyForDeploymentPostprocessing = 0;
		};
/* End PBXResourcesBuildPhase section */

/* Begin PBXSourcesBuildPhase section */
		044485152599AE140048FE14 /* Sources */ = {
			isa = PBXSourcesBuildPhase;
			buildActionMask = 2147483647;
			files = (
				044485212599AE140048FE14 /* ViewController.swift in Sources */,
				0444851D2599AE140048FE14 /* AppDelegate.swift in Sources */,
				0468178F2599E2D80012A159 /* ComponentDetails.swift in Sources */,
				0444851F2599AE140048FE14 /* SceneDelegate.swift in Sources */,
			);
			runOnlyForDeploymentPostprocessing = 0;
		};
		0444852B2599AE2B0048FE14 /* Sources */ = {
			isa = PBXSourcesBuildPhase;
			buildActionMask = 2147483647;
			files = (
				044485342599AE2B0048FE14 /* Maz___UIScrollView___AppTests.swift in Sources */,
			);
			runOnlyForDeploymentPostprocessing = 0;
		};
		044485362599AE2B0048FE14 /* Sources */ = {
			isa = PBXSourcesBuildPhase;
			buildActionMask = 2147483647;
			files = (
				0444853F2599AE2B0048FE14 /* Maz___UIScrollView___AppUITests.swift in Sources */,
			);
			runOnlyForDeploymentPostprocessing = 0;
		};
/* End PBXSourcesBuildPhase section */

/* Begin PBXTargetDependency section */
		044485312599AE2B0048FE14 /* PBXTargetDependency */ = {
			isa = PBXTargetDependency;
			target = 044485182599AE140048FE14 /* Maz - UIScrollView - App */;
			targetProxy = 044485302599AE2B0048FE14 /* PBXContainerItemProxy */;
		};
		0444853C2599AE2B0048FE14 /* PBXTargetDependency */ = {
			isa = PBXTargetDependency;
			target = 044485182599AE140048FE14 /* Maz - UIScrollView - App */;
			targetProxy = 0444853B2599AE2B0048FE14 /* PBXContainerItemProxy */;
		};
/* End PBXTargetDependency section */

/* Begin PBXVariantGroup section */
		044485222599AE140048FE14 /* Main.storyboard */ = {
			isa = PBXVariantGroup;
			children = (
				044485232599AE140048FE14 /* Base */,
			);
			name = Main.storyboard;
			sourceTree = "<group>";
		};
		044485272599AE2A0048FE14 /* LaunchScreen.storyboard */ = {
			isa = PBXVariantGroup;
			children = (
				044485282599AE2A0048FE14 /* Base */,
			);
			name = LaunchScreen.storyboard;
			sourceTree = "<group>";
		};
/* End PBXVariantGroup section */

/* Begin XCBuildConfiguration section */
		044485412599AE2B0048FE14 /* Debug */ = {
			isa = XCBuildConfiguration;
			buildSettings = {
				ALWAYS_SEARCH_USER_PATHS = NO;
				CLANG_ANALYZER_NONNULL = YES;
				CLANG_ANALYZER_NUMBER_OBJECT_CONVERSION = YES_AGGRESSIVE;
				CLANG_CXX_LANGUAGE_STANDARD = "gnu++14";
				CLANG_CXX_LIBRARY = "libc++";
				CLANG_ENABLE_MODULES = YES;
				CLANG_ENABLE_OBJC_ARC = YES;
				CLANG_ENABLE_OBJC_WEAK = YES;
				CLANG_WARN_BLOCK_CAPTURE_AUTORELEASING = YES;
				CLANG_WARN_BOOL_CONVERSION = YES;
				CLANG_WARN_COMMA = YES;
				CLANG_WARN_CONSTANT_CONVERSION = YES;
				CLANG_WARN_DEPRECATED_OBJC_IMPLEMENTATIONS = YES;
				CLANG_WARN_DIRECT_OBJC_ISA_USAGE = YES_ERROR;
				CLANG_WARN_DOCUMENTATION_COMMENTS = YES;
				CLANG_WARN_EMPTY_BODY = YES;
				CLANG_WARN_ENUM_CONVERSION = YES;
				CLANG_WARN_INFINITE_RECURSION = YES;
				CLANG_WARN_INT_CONVERSION = YES;
				CLANG_WARN_NON_LITERAL_NULL_CONVERSION = YES;
				CLANG_WARN_OBJC_IMPLICIT_RETAIN_SELF = YES;
				CLANG_WARN_OBJC_LITERAL_CONVERSION = YES;
				CLANG_WARN_OBJC_ROOT_CLASS = YES_ERROR;
				CLANG_WARN_RANGE_LOOP_ANALYSIS = YES;
				CLANG_WARN_STRICT_PROTOTYPES = YES;
				CLANG_WARN_SUSPICIOUS_MOVE = YES;
				CLANG_WARN_UNGUARDED_AVAILABILITY = YES_AGGRESSIVE;
				CLANG_WARN_UNREACHABLE_CODE = YES;
				CLANG_WARN__DUPLICATE_METHOD_MATCH = YES;
				COPY_PHASE_STRIP = NO;
				DEBUG_INFORMATION_FORMAT = dwarf;
				ENABLE_STRICT_OBJC_MSGSEND = YES;
				ENABLE_TESTABILITY = YES;
				GCC_C_LANGUAGE_STANDARD = gnu11;
				GCC_DYNAMIC_NO_PIC = NO;
				GCC_NO_COMMON_BLOCKS = YES;
				GCC_OPTIMIZATION_LEVEL = 0;
				GCC_PREPROCESSOR_DEFINITIONS = (
					"DEBUG=1",
					"$(inherited)",
				);
				GCC_WARN_64_TO_32_BIT_CONVERSION = YES;
				GCC_WARN_ABOUT_RETURN_TYPE = YES_ERROR;
				GCC_WARN_UNDECLARED_SELECTOR = YES;
				GCC_WARN_UNINITIALIZED_AUTOS = YES_AGGRESSIVE;
				GCC_WARN_UNUSED_FUNCTION = YES;
				GCC_WARN_UNUSED_VARIABLE = YES;
				IPHONEOS_DEPLOYMENT_TARGET = 13.2;
				MTL_ENABLE_DEBUG_INFO = INCLUDE_SOURCE;
				MTL_FAST_MATH = YES;
				ONLY_ACTIVE_ARCH = YES;
				SDKROOT = iphoneos;
				SWIFT_ACTIVE_COMPILATION_CONDITIONS = DEBUG;
				SWIFT_OPTIMIZATION_LEVEL = "-Onone";
			};
			name = Debug;
		};
		044485422599AE2B0048FE14 /* Release */ = {
			isa = XCBuildConfiguration;
			buildSettings = {
				ALWAYS_SEARCH_USER_PATHS = NO;
				CLANG_ANALYZER_NONNULL = YES;
				CLANG_ANALYZER_NUMBER_OBJECT_CONVERSION = YES_AGGRESSIVE;
				CLANG_CXX_LANGUAGE_STANDARD = "gnu++14";
				CLANG_CXX_LIBRARY = "libc++";
				CLANG_ENABLE_MODULES = YES;
				CLANG_ENABLE_OBJC_ARC = YES;
				CLANG_ENABLE_OBJC_WEAK = YES;
				CLANG_WARN_BLOCK_CAPTURE_AUTORELEASING = YES;
				CLANG_WARN_BOOL_CONVERSION = YES;
				CLANG_WARN_COMMA = YES;
				CLANG_WARN_CONSTANT_CONVERSION = YES;
				CLANG_WARN_DEPRECATED_OBJC_IMPLEMENTATIONS = YES;
				CLANG_WARN_DIRECT_OBJC_ISA_USAGE = YES_ERROR;
				CLANG_WARN_DOCUMENTATION_COMMENTS = YES;
				CLANG_WARN_EMPTY_BODY = YES;
				CLANG_WARN_ENUM_CONVERSION = YES;
				CLANG_WARN_INFINITE_RECURSION = YES;
				CLANG_WARN_INT_CONVERSION = YES;
				CLANG_WARN_NON_LITERAL_NULL_CONVERSION = YES;
				CLANG_WARN_OBJC_IMPLICIT_RETAIN_SELF = YES;
				CLANG_WARN_OBJC_LITERAL_CONVERSION = YES;
				CLANG_WARN_OBJC_ROOT_CLASS = YES_ERROR;
				CLANG_WARN_RANGE_LOOP_ANALYSIS = YES;
				CLANG_WARN_STRICT_PROTOTYPES = YES;
				CLANG_WARN_SUSPICIOUS_MOVE = YES;
				CLANG_WARN_UNGUARDED_AVAILABILITY = YES_AGGRESSIVE;
				CLANG_WARN_UNREACHABLE_CODE = YES;
				CLANG_WARN__DUPLICATE_METHOD_MATCH = YES;
				COPY_PHASE_STRIP = NO;
				DEBUG_INFORMATION_FORMAT = "dwarf-with-dsym";
				ENABLE_NS_ASSERTIONS = NO;
				ENABLE_STRICT_OBJC_MSGSEND = YES;
				GCC_C_LANGUAGE_STANDARD = gnu11;
				GCC_NO_COMMON_BLOCKS = YES;
				GCC_WARN_64_TO_32_BIT_CONVERSION = YES;
				GCC_WARN_ABOUT_RETURN_TYPE = YES_ERROR;
				GCC_WARN_UNDECLARED_SELECTOR = YES;
				GCC_WARN_UNINITIALIZED_AUTOS = YES_AGGRESSIVE;
				GCC_WARN_UNUSED_FUNCTION = YES;
				GCC_WARN_UNUSED_VARIABLE = YES;
				IPHONEOS_DEPLOYMENT_TARGET = 13.2;
				MTL_ENABLE_DEBUG_INFO = NO;
				MTL_FAST_MATH = YES;
				SDKROOT = iphoneos;
				SWIFT_COMPILATION_MODE = wholemodule;
				SWIFT_OPTIMIZATION_LEVEL = "-O";
				VALIDATE_PRODUCT = YES;
			};
			name = Release;
		};
		044485442599AE2B0048FE14 /* Debug */ = {
			isa = XCBuildConfiguration;
			buildSettings = {
				ASSETCATALOG_COMPILER_APPICON_NAME = "AppIcon-1";
				CODE_SIGN_STYLE = Automatic;
				DEVELOPMENT_TEAM = QJ38K4FTCM;
				INFOPLIST_FILE = "Maz - UIScrollView - App/Info.plist";
				LD_RUNPATH_SEARCH_PATHS = (
					"$(inherited)",
					"@executable_path/Frameworks",
				);
				PRODUCT_BUNDLE_IDENTIFIER = com.2010.mazeedabdul6.66;
				PRODUCT_NAME = "$(TARGET_NAME)";
				SWIFT_VERSION = 5.0;
				TARGETED_DEVICE_FAMILY = "1,2";
			};
			name = Debug;
		};
		044485452599AE2B0048FE14 /* Release */ = {
			isa = XCBuildConfiguration;
			buildSettings = {
				ASSETCATALOG_COMPILER_APPICON_NAME = "AppIcon-1";
				CODE_SIGN_STYLE = Automatic;
				DEVELOPMENT_TEAM = QJ38K4FTCM;
				INFOPLIST_FILE = "Maz - UIScrollView - App/Info.plist";
				LD_RUNPATH_SEARCH_PATHS = (
					"$(inherited)",
					"@executable_path/Frameworks",
				);
				PRODUCT_BUNDLE_IDENTIFIER = com.2010.mazeedabdul6.66;
				PRODUCT_NAME = "$(TARGET_NAME)";
				SWIFT_VERSION = 5.0;
				TARGETED_DEVICE_FAMILY = "1,2";
			};
			name = Release;
		};
		044485472599AE2B0048FE14 /* Debug */ = {
			isa = XCBuildConfiguration;
			buildSettings = {
				ALWAYS_EMBED_SWIFT_STANDARD_LIBRARIES = YES;
				BUNDLE_LOADER = "$(TEST_HOST)";
				CODE_SIGN_STYLE = Automatic;
				DEVELOPMENT_TEAM = QJ38K4FTCM;
				INFOPLIST_FILE = "Maz - UIScrollView - AppTests/Info.plist";
				IPHONEOS_DEPLOYMENT_TARGET = 13.2;
				LD_RUNPATH_SEARCH_PATHS = (
					"$(inherited)",
					"@executable_path/Frameworks",
					"@loader_path/Frameworks",
				);
				PRODUCT_BUNDLE_IDENTIFIER = "com.mazeed.myProduct.Maz---UIScrollView---AppTests";
				PRODUCT_NAME = "$(TARGET_NAME)";
				SWIFT_VERSION = 5.0;
				TARGETED_DEVICE_FAMILY = "1,2";
				TEST_HOST = "$(BUILT_PRODUCTS_DIR)/Maz - UIScrollView - App.app/Maz - UIScrollView - App";
			};
			name = Debug;
		};
		044485482599AE2B0048FE14 /* Release */ = {
			isa = XCBuildConfiguration;
			buildSettings = {
				ALWAYS_EMBED_SWIFT_STANDARD_LIBRARIES = YES;
				BUNDLE_LOADER = "$(TEST_HOST)";
				CODE_SIGN_STYLE = Automatic;
				DEVELOPMENT_TEAM = QJ38K4FTCM;
				INFOPLIST_FILE = "Maz - UIScrollView - AppTests/Info.plist";
				IPHONEOS_DEPLOYMENT_TARGET = 13.2;
				LD_RUNPATH_SEARCH_PATHS = (
					"$(inherited)",
					"@executable_path/Frameworks",
					"@loader_path/Frameworks",
				);
				PRODUCT_BUNDLE_IDENTIFIER = "com.mazeed.myProduct.Maz---UIScrollView---AppTests";
				PRODUCT_NAME = "$(TARGET_NAME)";
				SWIFT_VERSION = 5.0;
				TARGETED_DEVICE_FAMILY = "1,2";
				TEST_HOST = "$(BUILT_PRODUCTS_DIR)/Maz - UIScrollView - App.app/Maz - UIScrollView - App";
			};
			name = Release;
		};
		0444854A2599AE2B0048FE14 /* Debug */ = {
			isa = XCBuildConfiguration;
			buildSettings = {
				ALWAYS_EMBED_SWIFT_STANDARD_LIBRARIES = YES;
				CODE_SIGN_STYLE = Automatic;
				DEVELOPMENT_TEAM = QJ38K4FTCM;
				INFOPLIST_FILE = "Maz - UIScrollView - AppUITests/Info.plist";
				LD_RUNPATH_SEARCH_PATHS = (
					"$(inherited)",
					"@executable_path/Frameworks",
					"@loader_path/Frameworks",
				);
				PRODUCT_BUNDLE_IDENTIFIER = "com.mazeed.myProduct.Maz---UIScrollView---AppUITests";
				PRODUCT_NAME = "$(TARGET_NAME)";
				SWIFT_VERSION = 5.0;
				TARGETED_DEVICE_FAMILY = "1,2";
				TEST_TARGET_NAME = "Maz - UIScrollView - App";
			};
			name = Debug;
		};
		0444854B2599AE2B0048FE14 /* Release */ = {
			isa = XCBuildConfiguration;
			buildSettings = {
				ALWAYS_EMBED_SWIFT_STANDARD_LIBRARIES = YES;
				CODE_SIGN_STYLE = Automatic;
				DEVELOPMENT_TEAM = QJ38K4FTCM;
				INFOPLIST_FILE = "Maz - UIScrollView - AppUITests/Info.plist";
				LD_RUNPATH_SEARCH_PATHS = (
					"$(inherited)",
					"@executable_path/Frameworks",
					"@loader_path/Frameworks",
				);
				PRODUCT_BUNDLE_IDENTIFIER = "com.mazeed.myProduct.Maz---UIScrollView---AppUITests";
				PRODUCT_NAME = "$(TARGET_NAME)";
				SWIFT_VERSION = 5.0;
				TARGETED_DEVICE_FAMILY = "1,2";
				TEST_TARGET_NAME = "Maz - UIScrollView - App";
			};
			name = Release;
		};
/* End XCBuildConfiguration section */

/* Begin XCConfigurationList section */
		044485142599AE140048FE14 /* Build configuration list for PBXProject "Maz - UIScrollView - App" */ = {
			isa = XCConfigurationList;
			buildConfigurations = (
				044485412599AE2B0048FE14 /* Debug */,
				044485422599AE2B0048FE14 /* Release */,
			);
			defaultConfigurationIsVisible = 0;
			defaultConfigurationName = Release;
		};
		044485432599AE2B0048FE14 /* Build configuration list for PBXNativeTarget "Maz - UIScrollView - App" */ = {
			isa = XCConfigurationList;
			buildConfigurations = (
				044485442599AE2B0048FE14 /* Debug */,
				044485452599AE2B0048FE14 /* Release */,
			);
			defaultConfigurationIsVisible = 0;
			defaultConfigurationName = Release;
		};
		044485462599AE2B0048FE14 /* Build configuration list for PBXNativeTarget "Maz - UIScrollView - AppTests" */ = {
			isa = XCConfigurationList;
			buildConfigurations = (
				044485472599AE2B0048FE14 /* Debug */,
				044485482599AE2B0048FE14 /* Release */,
			);
			defaultConfigurationIsVisible = 0;
			defaultConfigurationName = Release;
		};
		044485492599AE2B0048FE14 /* Build configuration list for PBXNativeTarget "Maz - UIScrollView - AppUITests" */ = {
			isa = XCConfigurationList;
			buildConfigurations = (
				0444854A2599AE2B0048FE14 /* Debug */,
				0444854B2599AE2B0048FE14 /* Release */,
			);
			defaultConfigurationIsVisible = 0;
			defaultConfigurationName = Release;
		};
/* End XCConfigurationList section */
	};
	rootObject = 044485112599AE140048FE14 /* Project object */;
}
